
Microsoft Visual Studio Solution File, Format Version 12.00
# Visual Studio 15
VisualStudioVersion = 15.0.27703.2042
MinimumVisualStudioVersion = 10.0.40219.1
Project("{9A19103F-16F7-4668-BE54-9A1E7A4F7556}") = "RtmDotNet", "RtmDotNet\RtmDotNet.csproj", "{60E87DDE-51A6-4600-9A95-473A69A200FF}"
EndProject
Project("{9A19103F-16F7-4668-BE54-9A1E7A4F7556}") = "RtmDotNet.UnitTests", "RtmDotNet.UnitTests\RtmDotNet.UnitTests.csproj", "{52BC455A-29C1-476B-91D2-2FE5DFD3A1BA}"
EndProject
Global
	GlobalSection(SolutionConfigurationPlatforms) = preSolution
		Debug|Any CPU = Debug|Any CPU
		Release|Any CPU = Release|Any CPU
	EndGlobalSection
	GlobalSection(ProjectConfigurationPlatforms) = postSolution
		{60E87DDE-51A6-4600-9A95-473A69A200FF}.Debug|Any CPU.ActiveCfg = Debug|Any CPU
		{60E87DDE-51A6-4600-9A95-473A69A200FF}.Debug|Any CPU.Build.0 = Debug|Any CPU
		{60E87DDE-51A6-4600-9A95-473A69A200FF}.Release|Any CPU.ActiveCfg = Release|Any CPU
		{60E87DDE-51A6-4600-9A95-473A69A200FF}.Release|Any CPU.Build.0 = Release|Any CPU
		{52BC455A-29C1-476B-91D2-2FE5DFD3A1BA}.Debug|Any CPU.ActiveCfg = Debug|Any CPU
		{52BC455A-29C1-476B-91D2-2FE5DFD3A1BA}.Debug|Any CPU.Build.0 = Debug|Any CPU
		{52BC455A-29C1-476B-91D2-2FE5DFD3A1BA}.Release|Any CPU.ActiveCfg = Release|Any CPU
		{52BC455A-29C1-476B-91D2-2FE5DFD3A1BA}.Release|Any CPU.Build.0 = Release|Any CPU
	EndGlobalSection
	GlobalSection(SolutionProperties) = preSolution
		HideSolutionNode = FALSE
	EndGlobalSection
	GlobalSection(ExtensibilityGlobals) = postSolution
		SolutionGuid = {A0626554-0ED1-488A-88A6-FF66E3A8DDDE}
	EndGlobalSection
EndGlobal
